{
  "version": 4,
  "terraform_version": "1.14.1",
  "serial": 2,
  "lineage": "7b60ed6e-b81d-a815-9d29-e7d3fc9a04b3",
  "outputs": {
    "repository_url": {
      "value": "https://github.com/eddydpan/pancluster",
      "type": "string"
    }
  },
  "resources": [
    {
      "mode": "managed",
      "type": "github_repository",
      "name": "pancluster",
      "provider": "provider[\"registry.terraform.io/integrations/github\"]",
      "instances": [
        {
          "schema_version": 1,
          "attributes": {
            "allow_auto_merge": false,
            "allow_merge_commit": true,
            "allow_rebase_merge": true,
            "allow_squash_merge": true,
            "allow_update_branch": false,
            "archive_on_destroy": null,
            "archived": false,
            "auto_init": false,
            "default_branch": "main",
            "delete_branch_on_merge": false,
            "description": "Distributed Systems hobby project serving as a learning platform.",
            "etag": "W/\"a4e3b977bc3fc8f295742f162ef334766e7cc25941633ea56541faf04833d783\"",
            "fork": "false",
            "full_name": "eddydpan/pancluster",
            "git_clone_url": "git://github.com/eddydpan/pancluster.git",
            "gitignore_template": null,
            "has_discussions": false,
            "has_downloads": false,
            "has_issues": false,
            "has_projects": false,
            "has_wiki": false,
            "homepage_url": "",
            "html_url": "https://github.com/eddydpan/pancluster",
            "http_clone_url": "https://github.com/eddydpan/pancluster.git",
            "id": "pancluster",
            "ignore_vulnerability_alerts_during_read": null,
            "is_template": false,
            "license_template": null,
            "merge_commit_message": "PR_TITLE",
            "merge_commit_title": "MERGE_MESSAGE",
            "name": "pancluster",
            "node_id": "R_kgDOQkcBOA",
            "pages": [],
            "primary_language": "",
            "private": false,
            "repo_id": 1111949624,
            "security_and_analysis": [
              {
                "advanced_security": [],
                "code_security": [],
                "secret_scanning": [
                  {
                    "status": "enabled"
                  }
                ],
                "secret_scanning_ai_detection": [],
                "secret_scanning_non_provider_patterns": [],
                "secret_scanning_push_protection": [
                  {
                    "status": "enabled"
                  }
                ]
              }
            ],
            "source_owner": "",
            "source_repo": "",
            "squash_merge_commit_message": "COMMIT_MESSAGES",
            "squash_merge_commit_title": "COMMIT_OR_PR_TITLE",
            "ssh_clone_url": "git@github.com:eddydpan/pancluster.git",
            "svn_url": "https://github.com/eddydpan/pancluster",
            "template": [],
            "topics": [],
            "visibility": "public",
            "vulnerability_alerts": false,
            "web_commit_signoff_required": false
          },
          "sensitive_attributes": [],
          "identity_schema_version": 0,
          "private": "eyJzY2hlbWFfdmVyc2lvbiI6IjEifQ=="
        }
      ]
    }
  ],
  "check_results": null
}
